
Microsoft Visual Studio Solution File, Format Version 12.00
# Visual Studio Version 17
VisualStudioVersion = 17.4.33122.133
MinimumVisualStudioVersion = 10.0.40219.1
Project("{9A19103F-16F7-4668-BE54-9A1E7A4F7556}") = "ClientRepository", "ClientRepository\ClientRepository.csproj", "{479C43E9-8286-45A3-B57F-6AADA1261AB6}"
EndProject
Project("{9A19103F-16F7-4668-BE54-9A1E7A4F7556}") = "BusinessObject", "BusinessObject\BusinessObject.csproj", "{F2EF51DB-9C8A-4209-A33C-FBA0B05C607E}"
EndProject
Project("{9A19103F-16F7-4668-BE54-9A1E7A4F7556}") = "eBookStoreWebAPI", "eBookStoreWebAPI\eBookStoreWebAPI.csproj", "{545E9270-B811-4D77-A663-A967627D3916}"
EndProject
Project("{9A19103F-16F7-4668-BE54-9A1E7A4F7556}") = "DataAccess", "DataAccess\DataAccess.csproj", "{A14267BB-0FD8-492E-B6AD-53921993454D}"
EndProject
Project("{9A19103F-16F7-4668-BE54-9A1E7A4F7556}") = "eBookStore", "eBookStore\eBookStore.csproj", "{6B539F69-F689-4A3A-AE5D-6AF3019E4406}"
EndProject
Global
	GlobalSection(SolutionConfigurationPlatforms) = preSolution
		Debug|Any CPU = Debug|Any CPU
		Release|Any CPU = Release|Any CPU
	EndGlobalSection
	GlobalSection(ProjectConfigurationPlatforms) = postSolution
		{479C43E9-8286-45A3-B57F-6AADA1261AB6}.Debug|Any CPU.ActiveCfg = Debug|Any CPU
		{479C43E9-8286-45A3-B57F-6AADA1261AB6}.Debug|Any CPU.Build.0 = Debug|Any CPU
		{479C43E9-8286-45A3-B57F-6AADA1261AB6}.Release|Any CPU.ActiveCfg = Release|Any CPU
		{479C43E9-8286-45A3-B57F-6AADA1261AB6}.Release|Any CPU.Build.0 = Release|Any CPU
		{F2EF51DB-9C8A-4209-A33C-FBA0B05C607E}.Debug|Any CPU.ActiveCfg = Debug|Any CPU
		{F2EF51DB-9C8A-4209-A33C-FBA0B05C607E}.Debug|Any CPU.Build.0 = Debug|Any CPU
		{F2EF51DB-9C8A-4209-A33C-FBA0B05C607E}.Release|Any CPU.ActiveCfg = Release|Any CPU
		{F2EF51DB-9C8A-4209-A33C-FBA0B05C607E}.Release|Any CPU.Build.0 = Release|Any CPU
		{545E9270-B811-4D77-A663-A967627D3916}.Debug|Any CPU.ActiveCfg = Debug|Any CPU
		{545E9270-B811-4D77-A663-A967627D3916}.Debug|Any CPU.Build.0 = Debug|Any CPU
		{545E9270-B811-4D77-A663-A967627D3916}.Release|Any CPU.ActiveCfg = Release|Any CPU
		{545E9270-B811-4D77-A663-A967627D3916}.Release|Any CPU.Build.0 = Release|Any CPU
		{A14267BB-0FD8-492E-B6AD-53921993454D}.Debug|Any CPU.ActiveCfg = Debug|Any CPU
		{A14267BB-0FD8-492E-B6AD-53921993454D}.Debug|Any CPU.Build.0 = Debug|Any CPU
		{A14267BB-0FD8-492E-B6AD-53921993454D}.Release|Any CPU.ActiveCfg = Release|Any CPU
		{A14267BB-0FD8-492E-B6AD-53921993454D}.Release|Any CPU.Build.0 = Release|Any CPU
		{6B539F69-F689-4A3A-AE5D-6AF3019E4406}.Debug|Any CPU.ActiveCfg = Debug|Any CPU
		{6B539F69-F689-4A3A-AE5D-6AF3019E4406}.Debug|Any CPU.Build.0 = Debug|Any CPU
		{6B539F69-F689-4A3A-AE5D-6AF3019E4406}.Release|Any CPU.ActiveCfg = Release|Any CPU
		{6B539F69-F689-4A3A-AE5D-6AF3019E4406}.Release|Any CPU.Build.0 = Release|Any CPU
	EndGlobalSection
	GlobalSection(SolutionProperties) = preSolution
		HideSolutionNode = FALSE
	EndGlobalSection
	GlobalSection(ExtensibilityGlobals) = postSolution
		SolutionGuid = {C8CC7D0B-3517-4BD1-B522-EA79D6E95F0E}
	EndGlobalSection
EndGlobal
